
Microsoft Visual Studio Solution File, Format Version 12.00
# Visual Studio Version 16
VisualStudioVersion = 16.0.31424.327
MinimumVisualStudioVersion = 10.0.40219.1
Project("{FAE04EC0-301F-11D3-BF4B-00C04F79EFBC}") = "Assembly-CSharp", "Assembly-CSharp.csproj", "{481C8163-4726-AF45-E4C2-690A564FEEC6}"
EndProject
Project("{FAE04EC0-301F-11D3-BF4B-00C04F79EFBC}") = "Tests", "Tests\Tests.csproj", "{DE23D96C-93F6-4C8D-9F04-F87F032075E4}"
EndProject
Global
	GlobalSection(SolutionConfigurationPlatforms) = preSolution
		Debug|Any CPU = Debug|Any CPU
		Release|Any CPU = Release|Any CPU
	EndGlobalSection
	GlobalSection(ProjectConfigurationPlatforms) = postSolution
		{481C8163-4726-AF45-E4C2-690A564FEEC6}.Debug|Any CPU.ActiveCfg = Debug|Any CPU
		{481C8163-4726-AF45-E4C2-690A564FEEC6}.Debug|Any CPU.Build.0 = Debug|Any CPU
		{481C8163-4726-AF45-E4C2-690A564FEEC6}.Release|Any CPU.ActiveCfg = Debug|Any CPU
		{481C8163-4726-AF45-E4C2-690A564FEEC6}.Release|Any CPU.Build.0 = Debug|Any CPU
		{DE23D96C-93F6-4C8D-9F04-F87F032075E4}.Debug|Any CPU.ActiveCfg = Debug|x86
		{DE23D96C-93F6-4C8D-9F04-F87F032075E4}.Debug|Any CPU.Build.0 = Debug|x86
		{DE23D96C-93F6-4C8D-9F04-F87F032075E4}.Release|Any CPU.ActiveCfg = Release|Any CPU
		{DE23D96C-93F6-4C8D-9F04-F87F032075E4}.Release|Any CPU.Build.0 = Release|Any CPU
	EndGlobalSection
	GlobalSection(SolutionProperties) = preSolution
		HideSolutionNode = FALSE
	EndGlobalSection
	GlobalSection(ExtensibilityGlobals) = postSolution
		SolutionGuid = {B1356F9C-1D4A-460B-B746-0E20B20DF73F}
	EndGlobalSection
EndGlobal
